
Microsoft Visual Studio Solution File, Format Version 12.00
# Visual Studio Version 16
VisualStudioVersion = 16.0.29424.173
MinimumVisualStudioVersion = 10.0.40219.1
Project("{FAE04EC0-301F-11D3-BF4B-00C04F79EFBC}") = "PurpleRain", "PurpleRain\PurpleRain.csproj", "{2CC51D8F-65A5-4E95-B314-22C4AC377A03}"
EndProject
Project("{FAE04EC0-301F-11D3-BF4B-00C04F79EFBC}") = "PurpleRain.WebAPI", "PurpleRain.WebAPI\PurpleRain.WebAPI.csproj", "{FF6BA7A1-A3DB-4077-B629-1985C461E48C}"
EndProject
Project("{FAE04EC0-301F-11D3-BF4B-00C04F79EFBC}") = "PurpleRain.Data", "PurpleRain.Data\PurpleRain.Data.csproj", "{1B95F81E-503E-4923-87B2-EB6A82A65629}"
EndProject
Project("{FAE04EC0-301F-11D3-BF4B-00C04F79EFBC}") = "PurpleRain.Models", "PurpleRain.Models\PurpleRain.Models.csproj", "{A0AF1B2E-1CF9-499F-B719-2F2042F86E58}"
EndProject
Project("{FAE04EC0-301F-11D3-BF4B-00C04F79EFBC}") = "PurpleRain.Services", "PurpleRain.Services\PurpleRain.Services.csproj", "{5E0C5359-AF5B-45A3-AF57-65A9E2D02E01}"
EndProject
Global
	GlobalSection(SolutionConfigurationPlatforms) = preSolution
		Debug|Any CPU = Debug|Any CPU
		Release|Any CPU = Release|Any CPU
	EndGlobalSection
	GlobalSection(ProjectConfigurationPlatforms) = postSolution
		{2CC51D8F-65A5-4E95-B314-22C4AC377A03}.Debug|Any CPU.ActiveCfg = Debug|Any CPU
		{2CC51D8F-65A5-4E95-B314-22C4AC377A03}.Debug|Any CPU.Build.0 = Debug|Any CPU
		{2CC51D8F-65A5-4E95-B314-22C4AC377A03}.Release|Any CPU.ActiveCfg = Release|Any CPU
		{2CC51D8F-65A5-4E95-B314-22C4AC377A03}.Release|Any CPU.Build.0 = Release|Any CPU
		{FF6BA7A1-A3DB-4077-B629-1985C461E48C}.Debug|Any CPU.ActiveCfg = Debug|Any CPU
		{FF6BA7A1-A3DB-4077-B629-1985C461E48C}.Debug|Any CPU.Build.0 = Debug|Any CPU
		{FF6BA7A1-A3DB-4077-B629-1985C461E48C}.Release|Any CPU.ActiveCfg = Release|Any CPU
		{FF6BA7A1-A3DB-4077-B629-1985C461E48C}.Release|Any CPU.Build.0 = Release|Any CPU
		{1B95F81E-503E-4923-87B2-EB6A82A65629}.Debug|Any CPU.ActiveCfg = Debug|Any CPU
		{1B95F81E-503E-4923-87B2-EB6A82A65629}.Debug|Any CPU.Build.0 = Debug|Any CPU
		{1B95F81E-503E-4923-87B2-EB6A82A65629}.Release|Any CPU.ActiveCfg = Release|Any CPU
		{1B95F81E-503E-4923-87B2-EB6A82A65629}.Release|Any CPU.Build.0 = Release|Any CPU
		{A0AF1B2E-1CF9-499F-B719-2F2042F86E58}.Debug|Any CPU.ActiveCfg = Debug|Any CPU
		{A0AF1B2E-1CF9-499F-B719-2F2042F86E58}.Debug|Any CPU.Build.0 = Debug|Any CPU
		{A0AF1B2E-1CF9-499F-B719-2F2042F86E58}.Release|Any CPU.ActiveCfg = Release|Any CPU
		{A0AF1B2E-1CF9-499F-B719-2F2042F86E58}.Release|Any CPU.Build.0 = Release|Any CPU
		{5E0C5359-AF5B-45A3-AF57-65A9E2D02E01}.Debug|Any CPU.ActiveCfg = Debug|Any CPU
		{5E0C5359-AF5B-45A3-AF57-65A9E2D02E01}.Debug|Any CPU.Build.0 = Debug|Any CPU
		{5E0C5359-AF5B-45A3-AF57-65A9E2D02E01}.Release|Any CPU.ActiveCfg = Release|Any CPU
		{5E0C5359-AF5B-45A3-AF57-65A9E2D02E01}.Release|Any CPU.Build.0 = Release|Any CPU
	EndGlobalSection
	GlobalSection(SolutionProperties) = preSolution
		HideSolutionNode = FALSE
	EndGlobalSection
	GlobalSection(ExtensibilityGlobals) = postSolution
		SolutionGuid = {67D3C991-C8A1-452A-86AA-EBF22CBDDBE6}
	EndGlobalSection
EndGlobal
